
Microsoft Visual Studio Solution File, Format Version 12.00
# Visual Studio Version 17
VisualStudioVersion = 17.14.37012.4 d17.14
MinimumVisualStudioVersion = 10.0.40219.1
Project("{FAE04EC0-301F-11D3-BF4B-00C04F79EFBC}") = "TODOAPI-DATABASE", "TODOAPI-DATABASE.csproj", "{9BCAA25B-2CBE-44C0-8591-74BADFA851F5}"
EndProject
Global
	GlobalSection(SolutionConfigurationPlatforms) = preSolution
		Debug|Any CPU = Debug|Any CPU
		Release|Any CPU = Release|Any CPU
	EndGlobalSection
	GlobalSection(ProjectConfigurationPlatforms) = postSolution
		{9BCAA25B-2CBE-44C0-8591-74BADFA851F5}.Debug|Any CPU.ActiveCfg = Debug|Any CPU
		{9BCAA25B-2CBE-44C0-8591-74BADFA851F5}.Debug|Any CPU.Build.0 = Debug|Any CPU
		{9BCAA25B-2CBE-44C0-8591-74BADFA851F5}.Release|Any CPU.ActiveCfg = Release|Any CPU
		{9BCAA25B-2CBE-44C0-8591-74BADFA851F5}.Release|Any CPU.Build.0 = Release|Any CPU
	EndGlobalSection
	GlobalSection(SolutionProperties) = preSolution
		HideSolutionNode = FALSE
	EndGlobalSection
	GlobalSection(ExtensibilityGlobals) = postSolution
		SolutionGuid = {CF122A5C-6680-4BEA-8F8B-7F02DDCF726B}
	EndGlobalSection
EndGlobal
